{
  "name": "exercise6",
  "lockfileVersion": 2,
  "requires": true,
  "packages": {
    "": {
      "dependencies": {
        "@storyblok/js": "^3.0.6"
      }
    },
    "node_modules/@storyblok/js": {
      "version": "3.0.6",
      "resolved": "https://registry.npmjs.org/@storyblok/js/-/js-3.0.6.tgz",
      "integrity": "sha512-Kbz5D1pcKWgjqecF+rz1bq5742YpCZe7+B8Zrtp979QOXFpAurHm2BrmzVZy75G2BevWR5CcsK9MzLnyief1Kw==",
      "dependencies": {
        "storyblok-js-client": "^6.6.3"
      }
    },
    "node_modules/storyblok-js-client": {
      "version": "6.6.7",
      "resolved": "https://registry.npmjs.org/storyblok-js-client/-/storyblok-js-client-6.6.7.tgz",
      "integrity": "sha512-QNCGGOUf3cgkflffNStCZNt3C7RkdYRD/vENm6iv1pC+0ZCj42kDeB/WgljWojcNWydEMyUnmGXWi2XUEkkAAQ=="
    }
  },
  "dependencies": {
    "@storyblok/js": {
      "version": "3.0.6",
      "resolved": "https://registry.npmjs.org/@storyblok/js/-/js-3.0.6.tgz",
      "integrity": "sha512-Kbz5D1pcKWgjqecF+rz1bq5742YpCZe7+B8Zrtp979QOXFpAurHm2BrmzVZy75G2BevWR5CcsK9MzLnyief1Kw==",
      "requires": {
        "storyblok-js-client": "^6.6.3"
      }
    },
    "storyblok-js-client": {
      "version": "6.6.7",
      "resolved": "https://registry.npmjs.org/storyblok-js-client/-/storyblok-js-client-6.6.7.tgz",
      "integrity": "sha512-QNCGGOUf3cgkflffNStCZNt3C7RkdYRD/vENm6iv1pC+0ZCj42kDeB/WgljWojcNWydEMyUnmGXWi2XUEkkAAQ=="
    }
  }
}
